{
  "name": "module_test",
  "version": "1.0.0",
  "lockfileVersion": 2,
  "requires": true,
  "packages": {
    "": {
      "name": "module_test",
      "version": "1.0.0",
      "license": "ISC",
      "dependencies": {
        "modules": "file:../modules"
      }
    },
    "../modules": {
      "version": "1.0.0",
      "license": "ISC",
      "dependencies": {
        "colors": "^1.4.0",
        "optimist": "^0.6.1",
        "underscore": "^1.13.6"
      }
    },
    "node_modules/modules": {
      "resolved": "../modules",
      "link": true
    }
  },
  "dependencies": {
    "modules": {
      "version": "file:../modules",
      "requires": {
        "colors": "^1.4.0",
        "optimist": "^0.6.1",
        "underscore": "^1.13.6"
      }
    }
  }
}
